
Microsoft Visual Studio Solution File, Format Version 12.00
# Visual Studio Version 17
VisualStudioVersion = 17.13.35806.99 d17.13
MinimumVisualStudioVersion = 10.0.40219.1
Project("{FAE04EC0-301F-11D3-BF4B-00C04F79EFBC}") = "MusicBox_QuanLyThanhVien", "MusicBox_QuanLyThanhVien.csproj", "{40AF05B0-579B-458B-AC10-AAD47756D0A2}"
EndProject
Global
	GlobalSection(SolutionConfigurationPlatforms) = preSolution
		Debug|Any CPU = Debug|Any CPU
		Release|Any CPU = Release|Any CPU
	EndGlobalSection
	GlobalSection(ProjectConfigurationPlatforms) = postSolution
		{40AF05B0-579B-458B-AC10-AAD47756D0A2}.Debug|Any CPU.ActiveCfg = Debug|Any CPU
		{40AF05B0-579B-458B-AC10-AAD47756D0A2}.Debug|Any CPU.Build.0 = Debug|Any CPU
		{40AF05B0-579B-458B-AC10-AAD47756D0A2}.Release|Any CPU.ActiveCfg = Release|Any CPU
		{40AF05B0-579B-458B-AC10-AAD47756D0A2}.Release|Any CPU.Build.0 = Release|Any CPU
	EndGlobalSection
	GlobalSection(SolutionProperties) = preSolution
		HideSolutionNode = FALSE
	EndGlobalSection
	GlobalSection(ExtensibilityGlobals) = postSolution
		SolutionGuid = {66659E4A-CE7B-4350-8322-84A0A3E51CA3}
	EndGlobalSection
EndGlobal
